// !$*UTF8*$!
{
	archiveVersion = 1;
	classes = {
	};
	objectVersion = 50;
	objects = {

/* Begin PBXBuildFile section */
		9FBF22942482190C007F39AB /* AppDelegate.swift in Sources */ = {isa = PBXBuildFile; fileRef = 9FBF22932482190C007F39AB /* AppDelegate.swift */; };
		9FBF22962482190C007F39AB /* SceneDelegate.swift in Sources */ = {isa = PBXBuildFile; fileRef = 9FBF22952482190C007F39AB /* SceneDelegate.swift */; };
		9FBF229B2482190C007F39AB /* Main.storyboard in Resources */ = {isa = PBXBuildFile; fileRef = 9FBF22992482190C007F39AB /* Main.storyboard */; };
		9FBF229D2482190D007F39AB /* Assets.xcassets in Resources */ = {isa = PBXBuildFile; fileRef = 9FBF229C2482190D007F39AB /* Assets.xcassets */; };
		9FBF22A02482190D007F39AB /* LaunchScreen.storyboard in Resources */ = {isa = PBXBuildFile; fileRef = 9FBF229E2482190D007F39AB /* LaunchScreen.storyboard */; };
		9FBF22C424821941007F39AB /* NoteController.swift in Sources */ = {isa = PBXBuildFile; fileRef = 9FBF22C324821941007F39AB /* NoteController.swift */; };
		9FBF22C62482265B007F39AB /* Note.swift in Sources */ = {isa = PBXBuildFile; fileRef = 9FBF22C52482265B007F39AB /* Note.swift */; };
		9FBF22C824822768007F39AB /* NoteStore.swift in Sources */ = {isa = PBXBuildFile; fileRef = 9FBF22C724822768007F39AB /* NoteStore.swift */; };
		9FBF22CE248258C9007F39AB /* NotesStorage.swift in Sources */ = {isa = PBXBuildFile; fileRef = 9FBF22CD248258C9007F39AB /* NotesStorage.swift */; };
		9FC3DFED2483484B00B58335 /* FormController.swift in Sources */ = {isa = PBXBuildFile; fileRef = 9FC3DFEC2483484B00B58335 /* FormController.swift */; };
/* End PBXBuildFile section */

/* Begin PBXContainerItemProxy section */
		9FBF22A72482190D007F39AB /* PBXContainerItemProxy */ = {
			isa = PBXContainerItemProxy;
			containerPortal = 9FBF22882482190C007F39AB /* Project object */;
			proxyType = 1;
			remoteGlobalIDString = 9FBF228F2482190C007F39AB;
			remoteInfo = Note;
		};
		9FBF22B22482190E007F39AB /* PBXContainerItemProxy */ = {
			isa = PBXContainerItemProxy;
			containerPortal = 9FBF22882482190C007F39AB /* Project object */;
			proxyType = 1;
			remoteGlobalIDString = 9FBF228F2482190C007F39AB;
			remoteInfo = Note;
		};
/* End PBXContainerItemProxy section */

/* Begin PBXFileReference section */
		9FBF22902482190C007F39AB /* Note.app */ = {isa = PBXFileReference; explicitFileType = wrapper.application; includeInIndex = 0; path = Note.app; sourceTree = BUILT_PRODUCTS_DIR; };
		9FBF22932482190C007F39AB /* AppDelegate.swift */ = {isa = PBXFileReference; lastKnownFileType = sourcecode.swift; path = AppDelegate.swift; sourceTree = "<group>"; };
		9FBF22952482190C007F39AB /* SceneDelegate.swift */ = {isa = PBXFileReference; lastKnownFileType = sourcecode.swift; path = SceneDelegate.swift; sourceTree = "<group>"; };
		9FBF229A2482190C007F39AB /* Base */ = {isa = PBXFileReference; lastKnownFileType = file.storyboard; name = Base; path = Base.lproj/Main.storyboard; sourceTree = "<group>"; };
		9FBF229C2482190D007F39AB /* Assets.xcassets */ = {isa = PBXFileReference; lastKnownFileType = folder.assetcatalog; path = Assets.xcassets; sourceTree = "<group>"; };
		9FBF229F2482190D007F39AB /* Base */ = {isa = PBXFileReference; lastKnownFileType = file.storyboard; name = Base; path = Base.lproj/LaunchScreen.storyboard; sourceTree = "<group>"; };
		9FBF22A12482190D007F39AB /* Info.plist */ = {isa = PBXFileReference; lastKnownFileType = text.plist.xml; path = Info.plist; sourceTree = "<group>"; };
		9FBF22A62482190D007F39AB /* NoteTests.xctest */ = {isa = PBXFileReference; explicitFileType = wrapper.cfbundle; includeInIndex = 0; path = NoteTests.xctest; sourceTree = BUILT_PRODUCTS_DIR; };
		9FBF22B12482190D007F39AB /* NoteUITests.xctest */ = {isa = PBXFileReference; explicitFileType = wrapper.cfbundle; includeInIndex = 0; path = NoteUITests.xctest; sourceTree = BUILT_PRODUCTS_DIR; };
		9FBF22C324821941007F39AB /* NoteController.swift */ = {isa = PBXFileReference; lastKnownFileType = sourcecode.swift; path = NoteController.swift; sourceTree = "<group>"; };
		9FBF22C52482265B007F39AB /* Note.swift */ = {isa = PBXFileReference; lastKnownFileType = sourcecode.swift; path = Note.swift; sourceTree = "<group>"; };
		9FBF22C724822768007F39AB /* NoteStore.swift */ = {isa = PBXFileReference; lastKnownFileType = sourcecode.swift; path = NoteStore.swift; sourceTree = "<group>"; };
		9FBF22CD248258C9007F39AB /* NotesStorage.swift */ = {isa = PBXFileReference; lastKnownFileType = sourcecode.swift; path = NotesStorage.swift; sourceTree = "<group>"; };
		9FC3DFEC2483484B00B58335 /* FormController.swift */ = {isa = PBXFileReference; lastKnownFileType = sourcecode.swift; path = FormController.swift; sourceTree = "<group>"; };
/* End PBXFileReference section */

/* Begin PBXFrameworksBuildPhase section */
		9FBF228D2482190C007F39AB /* Frameworks */ = {
			isa = PBXFrameworksBuildPhase;
			buildActionMask = 2147483647;
			files = (
			);
			runOnlyForDeploymentPostprocessing = 0;
		};
		9FBF22A32482190D007F39AB /* Frameworks */ = {
			isa = PBXFrameworksBuildPhase;
			buildActionMask = 2147483647;
			files = (
			);
			runOnlyForDeploymentPostprocessing = 0;
		};
		9FBF22AE2482190D007F39AB /* Frameworks */ = {
			isa = PBXFrameworksBuildPhase;
			buildActionMask = 2147483647;
			files = (
			);
			runOnlyForDeploymentPostprocessing = 0;
		};
/* End PBXFrameworksBuildPhase section */

/* Begin PBXGroup section */
		9FBF22872482190C007F39AB = {
			isa = PBXGroup;
			children = (
				9FBF22922482190C007F39AB /* Note */,
				9FBF22912482190C007F39AB /* Products */,
			);
			sourceTree = "<group>";
		};
		9FBF22912482190C007F39AB /* Products */ = {
			isa = PBXGroup;
			children = (
				9FBF22902482190C007F39AB /* Note.app */,
				9FBF22A62482190D007F39AB /* NoteTests.xctest */,
				9FBF22B12482190D007F39AB /* NoteUITests.xctest */,
			);
			name = Products;
			sourceTree = "<group>";
		};
		9FBF22922482190C007F39AB /* Note */ = {
			isa = PBXGroup;
			children = (
				9FBF22A12482190D007F39AB /* Info.plist */,
				9FBF22C924825651007F39AB /* Model */,
				9FBF22CA24825659007F39AB /* View */,
				9FBF22CB24825663007F39AB /* Controller */,
				9FBF22CC248256E9007F39AB /* System */,
			);
			path = Note;
			sourceTree = "<group>";
		};
		9FBF22C924825651007F39AB /* Model */ = {
			isa = PBXGroup;
			children = (
				9FBF22C52482265B007F39AB /* Note.swift */,
				9FBF22C724822768007F39AB /* NoteStore.swift */,
				9FBF22CD248258C9007F39AB /* NotesStorage.swift */,
			);
			path = Model;
			sourceTree = "<group>";
		};
		9FBF22CA24825659007F39AB /* View */ = {
			isa = PBXGroup;
			children = (
				9FBF22992482190C007F39AB /* Main.storyboard */,
			);
			path = View;
			sourceTree = "<group>";
		};
		9FBF22CB24825663007F39AB /* Controller */ = {
			isa = PBXGroup;
			children = (
				9FBF22C324821941007F39AB /* NoteController.swift */,
				9FC3DFEC2483484B00B58335 /* FormController.swift */,
			);
			path = Controller;
			sourceTree = "<group>";
		};
		9FBF22CC248256E9007F39AB /* System */ = {
			isa = PBXGroup;
			children = (
				9FBF22932482190C007F39AB /* AppDelegate.swift */,
				9FBF22952482190C007F39AB /* SceneDelegate.swift */,
				9FBF229C2482190D007F39AB /* Assets.xcassets */,
				9FBF229E2482190D007F39AB /* LaunchScreen.storyboard */,
			);
			path = System;
			sourceTree = "<group>";
		};
/* End PBXGroup section */

/* Begin PBXNativeTarget section */
		9FBF228F2482190C007F39AB /* Note */ = {
			isa = PBXNativeTarget;
			buildConfigurationList = 9FBF22BA2482190E007F39AB /* Build configuration list for PBXNativeTarget "Note" */;
			buildPhases = (
				9FBF228C2482190C007F39AB /* Sources */,
				9FBF228D2482190C007F39AB /* Frameworks */,
				9FBF228E2482190C007F39AB /* Resources */,
			);
			buildRules = (
			);
			dependencies = (
			);
			name = Note;
			productName = Note;
			productReference = 9FBF22902482190C007F39AB /* Note.app */;
			productType = "com.apple.product-type.application";
		};
		9FBF22A52482190D007F39AB /* NoteTests */ = {
			isa = PBXNativeTarget;
			buildConfigurationList = 9FBF22BD2482190E007F39AB /* Build configuration list for PBXNativeTarget "NoteTests" */;
			buildPhases = (
				9FBF22A22482190D007F39AB /* Sources */,
				9FBF22A32482190D007F39AB /* Frameworks */,
				9FBF22A42482190D007F39AB /* Resources */,
			);
			buildRules = (
			);
			dependencies = (
				9FBF22A82482190D007F39AB /* PBXTargetDependency */,
			);
			name = NoteTests;
			productName = NoteTests;
			productReference = 9FBF22A62482190D007F39AB /* NoteTests.xctest */;
			productType = "com.apple.product-type.bundle.unit-test";
		};
		9FBF22B02482190D007F39AB /* NoteUITests */ = {
			isa = PBXNativeTarget;
			buildConfigurationList = 9FBF22C02482190E007F39AB /* Build configuration list for PBXNativeTarget "NoteUITests" */;
			buildPhases = (
				9FBF22AD2482190D007F39AB /* Sources */,
				9FBF22AE2482190D007F39AB /* Frameworks */,
				9FBF22AF2482190D007F39AB /* Resources */,
			);
			buildRules = (
			);
			dependencies = (
				9FBF22B32482190E007F39AB /* PBXTargetDependency */,
			);
			name = NoteUITests;
			productName = NoteUITests;
			productReference = 9FBF22B12482190D007F39AB /* NoteUITests.xctest */;
			productType = "com.apple.product-type.bundle.ui-testing";
		};
/* End PBXNativeTarget section */

/* Begin PBXProject section */
		9FBF22882482190C007F39AB /* Project object */ = {
			isa = PBXProject;
			attributes = {
				LastSwiftUpdateCheck = 1140;
				LastUpgradeCheck = 1140;
				ORGANIZATIONNAME = huishan;
				TargetAttributes = {
					9FBF228F2482190C007F39AB = {
						CreatedOnToolsVersion = 11.4.1;
					};
					9FBF22A52482190D007F39AB = {
						CreatedOnToolsVersion = 11.4.1;
						TestTargetID = 9FBF228F2482190C007F39AB;
					};
					9FBF22B02482190D007F39AB = {
						CreatedOnToolsVersion = 11.4.1;
						TestTargetID = 9FBF228F2482190C007F39AB;
					};
				};
			};
			buildConfigurationList = 9FBF228B2482190C007F39AB /* Build configuration list for PBXProject "Note" */;
			compatibilityVersion = "Xcode 9.3";
			developmentRegion = en;
			hasScannedForEncodings = 0;
			knownRegions = (
				en,
				Base,
			);
			mainGroup = 9FBF22872482190C007F39AB;
			productRefGroup = 9FBF22912482190C007F39AB /* Products */;
			projectDirPath = "";
			projectRoot = "";
			targets = (
				9FBF228F2482190C007F39AB /* Note */,
				9FBF22A52482190D007F39AB /* NoteTests */,
				9FBF22B02482190D007F39AB /* NoteUITests */,
			);
		};
/* End PBXProject section */

/* Begin PBXResourcesBuildPhase section */
		9FBF228E2482190C007F39AB /* Resources */ = {
			isa = PBXResourcesBuildPhase;
			buildActionMask = 2147483647;
			files = (
				9FBF22A02482190D007F39AB /* LaunchScreen.storyboard in Resources */,
				9FBF229D2482190D007F39AB /* Assets.xcassets in Resources */,
				9FBF229B2482190C007F39AB /* Main.storyboard in Resources */,
			);
			runOnlyForDeploymentPostprocessing = 0;
		};
		9FBF22A42482190D007F39AB /* Resources */ = {
			isa = PBXResourcesBuildPhase;
			buildActionMask = 2147483647;
			files = (
			);
			runOnlyForDeploymentPostprocessing = 0;
		};
		9FBF22AF2482190D007F39AB /* Resources */ = {
			isa = PBXResourcesBuildPhase;
			buildActionMask = 2147483647;
			files = (
			);
			runOnlyForDeploymentPostprocessing = 0;
		};
/* End PBXResourcesBuildPhase section */

/* Begin PBXSourcesBuildPhase section */
		9FBF228C2482190C007F39AB /* Sources */ = {
			isa = PBXSourcesBuildPhase;
			buildActionMask = 2147483647;
			files = (
				9FBF22942482190C007F39AB /* AppDelegate.swift in Sources */,
				9FC3DFED2483484B00B58335 /* FormController.swift in Sources */,
				9FBF22C424821941007F39AB /* NoteController.swift in Sources */,
				9FBF22962482190C007F39AB /* SceneDelegate.swift in Sources */,
				9FBF22C824822768007F39AB /* NoteStore.swift in Sources */,
				9FBF22C62482265B007F39AB /* Note.swift in Sources */,
				9FBF22CE248258C9007F39AB /* NotesStorage.swift in Sources */,
			);
			runOnlyForDeploymentPostprocessing = 0;
		};
		9FBF22A22482190D007F39AB /* Sources */ = {
			isa = PBXSourcesBuildPhase;
			buildActionMask = 2147483647;
			files = (
			);
			runOnlyForDeploymentPostprocessing = 0;
		};
		9FBF22AD2482190D007F39AB /* Sources */ = {
			isa = PBXSourcesBuildPhase;
			buildActionMask = 2147483647;
			files = (
			);
			runOnlyForDeploymentPostprocessing = 0;
		};
/* End PBXSourcesBuildPhase section */

/* Begin PBXTargetDependency section */
		9FBF22A82482190D007F39AB /* PBXTargetDependency */ = {
			isa = PBXTargetDependency;
			target = 9FBF228F2482190C007F39AB /* Note */;
			targetProxy = 9FBF22A72482190D007F39AB /* PBXContainerItemProxy */;
		};
		9FBF22B32482190E007F39AB /* PBXTargetDependency */ = {
			isa = PBXTargetDependency;
			target = 9FBF228F2482190C007F39AB /* Note */;
			targetProxy = 9FBF22B22482190E007F39AB /* PBXContainerItemProxy */;
		};
/* End PBXTargetDependency section */

/* Begin PBXVariantGroup section */
		9FBF22992482190C007F39AB /* Main.storyboard */ = {
			isa = PBXVariantGroup;
			children = (
				9FBF229A2482190C007F39AB /* Base */,
			);
			name = Main.storyboard;
			sourceTree = "<group>";
		};
		9FBF229E2482190D007F39AB /* LaunchScreen.storyboard */ = {
			isa = PBXVariantGroup;
			children = (
				9FBF229F2482190D007F39AB /* Base */,
			);
			name = LaunchScreen.storyboard;
			sourceTree = "<group>";
		};
/* End PBXVariantGroup section */

/* Begin XCBuildConfiguration section */
		9FBF22B82482190E007F39AB /* Debug */ = {
			isa = XCBuildConfiguration;
			buildSettings = {
				ALWAYS_SEARCH_USER_PATHS = NO;
				CLANG_ANALYZER_NONNULL = YES;
				CLANG_ANALYZER_NUMBER_OBJECT_CONVERSION = YES_AGGRESSIVE;
				CLANG_CXX_LANGUAGE_STANDARD = "gnu++14";
				CLANG_CXX_LIBRARY = "libc++";
				CLANG_ENABLE_MODULES = YES;
				CLANG_ENABLE_OBJC_ARC = YES;
				CLANG_ENABLE_OBJC_WEAK = YES;
				CLANG_WARN_BLOCK_CAPTURE_AUTORELEASING = YES;
				CLANG_WARN_BOOL_CONVERSION = YES;
				CLANG_WARN_COMMA = YES;
				CLANG_WARN_CONSTANT_CONVERSION = YES;
				CLANG_WARN_DEPRECATED_OBJC_IMPLEMENTATIONS = YES;
				CLANG_WARN_DIRECT_OBJC_ISA_USAGE = YES_ERROR;
				CLANG_WARN_DOCUMENTATION_COMMENTS = YES;
				CLANG_WARN_EMPTY_BODY = YES;
				CLANG_WARN_ENUM_CONVERSION = YES;
				CLANG_WARN_INFINITE_RECURSION = YES;
				CLANG_WARN_INT_CONVERSION = YES;
				CLANG_WARN_NON_LITERAL_NULL_CONVERSION = YES;
				CLANG_WARN_OBJC_IMPLICIT_RETAIN_SELF = YES;
				CLANG_WARN_OBJC_LITERAL_CONVERSION = YES;
				CLANG_WARN_OBJC_ROOT_CLASS = YES_ERROR;
				CLANG_WARN_RANGE_LOOP_ANALYSIS = YES;
				CLANG_WARN_STRICT_PROTOTYPES = YES;
				CLANG_WARN_SUSPICIOUS_MOVE = YES;
				CLANG_WARN_UNGUARDED_AVAILABILITY = YES_AGGRESSIVE;
				CLANG_WARN_UNREACHABLE_CODE = YES;
				CLANG_WARN__DUPLICATE_METHOD_MATCH = YES;
				COPY_PHASE_STRIP = NO;
				DEBUG_INFORMATION_FORMAT = dwarf;
				ENABLE_STRICT_OBJC_MSGSEND = YES;
				ENABLE_TESTABILITY = YES;
				GCC_C_LANGUAGE_STANDARD = gnu11;
				GCC_DYNAMIC_NO_PIC = NO;
				GCC_NO_COMMON_BLOCKS = YES;
				GCC_OPTIMIZATION_LEVEL = 0;
				GCC_PREPROCESSOR_DEFINITIONS = (
					"DEBUG=1",
					"$(inherited)",
				);
				GCC_WARN_64_TO_32_BIT_CONVERSION = YES;
				GCC_WARN_ABOUT_RETURN_TYPE = YES_ERROR;
				GCC_WARN_UNDECLARED_SELECTOR = YES;
				GCC_WARN_UNINITIALIZED_AUTOS = YES_AGGRESSIVE;
				GCC_WARN_UNUSED_FUNCTION = YES;
				GCC_WARN_UNUSED_VARIABLE = YES;
				IPHONEOS_DEPLOYMENT_TARGET = 13.4;
				MTL_ENABLE_DEBUG_INFO = INCLUDE_SOURCE;
				MTL_FAST_MATH = YES;
				ONLY_ACTIVE_ARCH = YES;
				SDKROOT = iphoneos;
				SWIFT_ACTIVE_COMPILATION_CONDITIONS = DEBUG;
				SWIFT_OPTIMIZATION_LEVEL = "-Onone";
			};
			name = Debug;
		};
		9FBF22B92482190E007F39AB /* Release */ = {
			isa = XCBuildConfiguration;
			buildSettings = {
				ALWAYS_SEARCH_USER_PATHS = NO;
				CLANG_ANALYZER_NONNULL = YES;
				CLANG_ANALYZER_NUMBER_OBJECT_CONVERSION = YES_AGGRESSIVE;
				CLANG_CXX_LANGUAGE_STANDARD = "gnu++14";
				CLANG_CXX_LIBRARY = "libc++";
				CLANG_ENABLE_MODULES = YES;
				CLANG_ENABLE_OBJC_ARC = YES;
				CLANG_ENABLE_OBJC_WEAK = YES;
				CLANG_WARN_BLOCK_CAPTURE_AUTORELEASING = YES;
				CLANG_WARN_BOOL_CONVERSION = YES;
				CLANG_WARN_COMMA = YES;
				CLANG_WARN_CONSTANT_CONVERSION = YES;
				CLANG_WARN_DEPRECATED_OBJC_IMPLEMENTATIONS = YES;
				CLANG_WARN_DIRECT_OBJC_ISA_USAGE = YES_ERROR;
				CLANG_WARN_DOCUMENTATION_COMMENTS = YES;
				CLANG_WARN_EMPTY_BODY = YES;
				CLANG_WARN_ENUM_CONVERSION = YES;
				CLANG_WARN_INFINITE_RECURSION = YES;
				CLANG_WARN_INT_CONVERSION = YES;
				CLANG_WARN_NON_LITERAL_NULL_CONVERSION = YES;
				CLANG_WARN_OBJC_IMPLICIT_RETAIN_SELF = YES;
				CLANG_WARN_OBJC_LITERAL_CONVERSION = YES;
				CLANG_WARN_OBJC_ROOT_CLASS = YES_ERROR;
				CLANG_WARN_RANGE_LOOP_ANALYSIS = YES;
				CLANG_WARN_STRICT_PROTOTYPES = YES;
				CLANG_WARN_SUSPICIOUS_MOVE = YES;
				CLANG_WARN_UNGUARDED_AVAILABILITY = YES_AGGRESSIVE;
				CLANG_WARN_UNREACHABLE_CODE = YES;
				CLANG_WARN__DUPLICATE_METHOD_MATCH = YES;
				COPY_PHASE_STRIP = NO;
				DEBUG_INFORMATION_FORMAT = "dwarf-with-dsym";
				ENABLE_NS_ASSERTIONS = NO;
				ENABLE_STRICT_OBJC_MSGSEND = YES;
				GCC_C_LANGUAGE_STANDARD = gnu11;
				GCC_NO_COMMON_BLOCKS = YES;
				GCC_WARN_64_TO_32_BIT_CONVERSION = YES;
				GCC_WARN_ABOUT_RETURN_TYPE = YES_ERROR;
				GCC_WARN_UNDECLARED_SELECTOR = YES;
				GCC_WARN_UNINITIALIZED_AUTOS = YES_AGGRESSIVE;
				GCC_WARN_UNUSED_FUNCTION = YES;
				GCC_WARN_UNUSED_VARIABLE = YES;
				IPHONEOS_DEPLOYMENT_TARGET = 13.4;
				MTL_ENABLE_DEBUG_INFO = NO;
				MTL_FAST_MATH = YES;
				SDKROOT = iphoneos;
				SWIFT_COMPILATION_MODE = wholemodule;
				SWIFT_OPTIMIZATION_LEVEL = "-O";
				VALIDATE_PRODUCT = YES;
			};
			name = Release;
		};
		9FBF22BB2482190E007F39AB /* Debug */ = {
			isa = XCBuildConfiguration;
			buildSettings = {
				ASSETCATALOG_COMPILER_APPICON_NAME = AppIcon;
				CODE_SIGN_STYLE = Automatic;
				INFOPLIST_FILE = Note/Info.plist;
				LD_RUNPATH_SEARCH_PATHS = (
					"$(inherited)",
					"@executable_path/Frameworks",
				);
				PRODUCT_BUNDLE_IDENTIFIER = com.huishan.Note;
				PRODUCT_NAME = "$(TARGET_NAME)";
				SWIFT_VERSION = 5.0;
				TARGETED_DEVICE_FAMILY = "1,2";
			};
			name = Debug;
		};
		9FBF22BC2482190E007F39AB /* Release */ = {
			isa = XCBuildConfiguration;
			buildSettings = {
				ASSETCATALOG_COMPILER_APPICON_NAME = AppIcon;
				CODE_SIGN_STYLE = Automatic;
				INFOPLIST_FILE = Note/Info.plist;
				LD_RUNPATH_SEARCH_PATHS = (
					"$(inherited)",
					"@executable_path/Frameworks",
				);
				PRODUCT_BUNDLE_IDENTIFIER = com.huishan.Note;
				PRODUCT_NAME = "$(TARGET_NAME)";
				SWIFT_VERSION = 5.0;
				TARGETED_DEVICE_FAMILY = "1,2";
			};
			name = Release;
		};
		9FBF22BE2482190E007F39AB /* Debug */ = {
			isa = XCBuildConfiguration;
			buildSettings = {
				ALWAYS_EMBED_SWIFT_STANDARD_LIBRARIES = YES;
				BUNDLE_LOADER = "$(TEST_HOST)";
				CODE_SIGN_STYLE = Automatic;
				INFOPLIST_FILE = NoteTests/Info.plist;
				IPHONEOS_DEPLOYMENT_TARGET = 13.4;
				LD_RUNPATH_SEARCH_PATHS = (
					"$(inherited)",
					"@executable_path/Frameworks",
					"@loader_path/Frameworks",
				);
				PRODUCT_BUNDLE_IDENTIFIER = com.huishan.NoteTests;
				PRODUCT_NAME = "$(TARGET_NAME)";
				SWIFT_VERSION = 5.0;
				TARGETED_DEVICE_FAMILY = "1,2";
				TEST_HOST = "$(BUILT_PRODUCTS_DIR)/Note.app/Note";
			};
			name = Debug;
		};
		9FBF22BF2482190E007F39AB /* Release */ = {
			isa = XCBuildConfiguration;
			buildSettings = {
				ALWAYS_EMBED_SWIFT_STANDARD_LIBRARIES = YES;
				BUNDLE_LOADER = "$(TEST_HOST)";
				CODE_SIGN_STYLE = Automatic;
				INFOPLIST_FILE = NoteTests/Info.plist;
				IPHONEOS_DEPLOYMENT_TARGET = 13.4;
				LD_RUNPATH_SEARCH_PATHS = (
					"$(inherited)",
					"@executable_path/Frameworks",
					"@loader_path/Frameworks",
				);
				PRODUCT_BUNDLE_IDENTIFIER = com.huishan.NoteTests;
				PRODUCT_NAME = "$(TARGET_NAME)";
				SWIFT_VERSION = 5.0;
				TARGETED_DEVICE_FAMILY = "1,2";
				TEST_HOST = "$(BUILT_PRODUCTS_DIR)/Note.app/Note";
			};
			name = Release;
		};
		9FBF22C12482190E007F39AB /* Debug */ = {
			isa = XCBuildConfiguration;
			buildSettings = {
				ALWAYS_EMBED_SWIFT_STANDARD_LIBRARIES = YES;
				CODE_SIGN_STYLE = Automatic;
				INFOPLIST_FILE = NoteUITests/Info.plist;
				LD_RUNPATH_SEARCH_PATHS = (
					"$(inherited)",
					"@executable_path/Frameworks",
					"@loader_path/Frameworks",
				);
				PRODUCT_BUNDLE_IDENTIFIER = com.huishan.NoteUITests;
				PRODUCT_NAME = "$(TARGET_NAME)";
				SWIFT_VERSION = 5.0;
				TARGETED_DEVICE_FAMILY = "1,2";
				TEST_TARGET_NAME = Note;
			};
			name = Debug;
		};
		9FBF22C22482190E007F39AB /* Release */ = {
			isa = XCBuildConfiguration;
			buildSettings = {
				ALWAYS_EMBED_SWIFT_STANDARD_LIBRARIES = YES;
				CODE_SIGN_STYLE = Automatic;
				INFOPLIST_FILE = NoteUITests/Info.plist;
				LD_RUNPATH_SEARCH_PATHS = (
					"$(inherited)",
					"@executable_path/Frameworks",
					"@loader_path/Frameworks",
				);
				PRODUCT_BUNDLE_IDENTIFIER = com.huishan.NoteUITests;
				PRODUCT_NAME = "$(TARGET_NAME)";
				SWIFT_VERSION = 5.0;
				TARGETED_DEVICE_FAMILY = "1,2";
				TEST_TARGET_NAME = Note;
			};
			name = Release;
		};
/* End XCBuildConfiguration section */

/* Begin XCConfigurationList section */
		9FBF228B2482190C007F39AB /* Build configuration list for PBXProject "Note" */ = {
			isa = XCConfigurationList;
			buildConfigurations = (
				9FBF22B82482190E007F39AB /* Debug */,
				9FBF22B92482190E007F39AB /* Release */,
			);
			defaultConfigurationIsVisible = 0;
			defaultConfigurationName = Release;
		};
		9FBF22BA2482190E007F39AB /* Build configuration list for PBXNativeTarget "Note" */ = {
			isa = XCConfigurationList;
			buildConfigurations = (
				9FBF22BB2482190E007F39AB /* Debug */,
				9FBF22BC2482190E007F39AB /* Release */,
			);
			defaultConfigurationIsVisible = 0;
			defaultConfigurationName = Release;
		};
		9FBF22BD2482190E007F39AB /* Build configuration list for PBXNativeTarget "NoteTests" */ = {
			isa = XCConfigurationList;
			buildConfigurations = (
				9FBF22BE2482190E007F39AB /* Debug */,
				9FBF22BF2482190E007F39AB /* Release */,
			);
			defaultConfigurationIsVisible = 0;
			defaultConfigurationName = Release;
		};
		9FBF22C02482190E007F39AB /* Build configuration list for PBXNativeTarget "NoteUITests" */ = {
			isa = XCConfigurationList;
			buildConfigurations = (
				9FBF22C12482190E007F39AB /* Debug */,
				9FBF22C22482190E007F39AB /* Release */,
			);
			defaultConfigurationIsVisible = 0;
			defaultConfigurationName = Release;
		};
/* End XCConfigurationList section */
	};
	rootObject = 9FBF22882482190C007F39AB /* Project object */;
}
